
Microsoft Visual Studio Solution File, Format Version 12.00
# Visual Studio Version 17
VisualStudioVersion = 17.6.33712.159
MinimumVisualStudioVersion = 10.0.40219.1
Project("{FAE04EC0-301F-11D3-BF4B-00C04F79EFBC}") = "Homework9", "Homework9\Homework9.csproj", "{143B285C-620E-49FA-B986-022107456267}"
EndProject
Global
	GlobalSection(SolutionConfigurationPlatforms) = preSolution
		Debug|Any CPU = Debug|Any CPU
		Release|Any CPU = Release|Any CPU
	EndGlobalSection
	GlobalSection(ProjectConfigurationPlatforms) = postSolution
		{143B285C-620E-49FA-B986-022107456267}.Debug|Any CPU.ActiveCfg = Debug|Any CPU
		{143B285C-620E-49FA-B986-022107456267}.Debug|Any CPU.Build.0 = Debug|Any CPU
		{143B285C-620E-49FA-B986-022107456267}.Release|Any CPU.ActiveCfg = Release|Any CPU
		{143B285C-620E-49FA-B986-022107456267}.Release|Any CPU.Build.0 = Release|Any CPU
	EndGlobalSection
	GlobalSection(SolutionProperties) = preSolution
		HideSolutionNode = FALSE
	EndGlobalSection
	GlobalSection(ExtensibilityGlobals) = postSolution
		SolutionGuid = {98F07977-4E15-4383-984F-685E3AAF0829}
	EndGlobalSection
EndGlobal
